// !$*UTF8*$!
{
	archiveVersion = 1;
	classes = {
	};
	objectVersion = 77;
	objects = {

/* Begin PBXContainerItemProxy section */
		C3E9EB8F2F5320A8009DB523 /* PBXContainerItemProxy */ = {
			isa = PBXContainerItemProxy;
			containerPortal = C3E9EB762F53209E009DB523 /* Project object */;
			proxyType = 1;
			remoteGlobalIDString = C3E9EB7D2F53209E009DB523;
			remoteInfo = backbeat;
		};
		C3E9EB992F5320A8009DB523 /* PBXContainerItemProxy */ = {
			isa = PBXContainerItemProxy;
			containerPortal = C3E9EB762F53209E009DB523 /* Project object */;
			proxyType = 1;
			remoteGlobalIDString = C3E9EB7D2F53209E009DB523;
			remoteInfo = backbeat;
		};
/* End PBXContainerItemProxy section */

/* Begin PBXFileReference section */
		C3E9EB7E2F53209E009DB523 /* backbeat.app */ = {isa = PBXFileReference; explicitFileType = wrapper.application; includeInIndex = 0; path = backbeat.app; sourceTree = BUILT_PRODUCTS_DIR; };
		C3E9EB8E2F5320A8009DB523 /* backbeatTests.xctest */ = {isa = PBXFileReference; explicitFileType = wrapper.cfbundle; includeInIndex = 0; path = backbeatTests.xctest; sourceTree = BUILT_PRODUCTS_DIR; };
		C3E9EB982F5320A8009DB523 /* backbeatUITests.xctest */ = {isa = PBXFileReference; explicitFileType = wrapper.cfbundle; includeInIndex = 0; path = backbeatUITests.xctest; sourceTree = BUILT_PRODUCTS_DIR; };
/* End PBXFileReference section */

/* Begin PBXFileSystemSynchronizedRootGroup section */
		C3E9EB802F53209F009DB523 /* backbeat */ = {
			isa = PBXFileSystemSynchronizedRootGroup;
			path = backbeat;
			sourceTree = "<group>";
		};
		C3E9EB912F5320A8009DB523 /* backbeatTests */ = {
			isa = PBXFileSystemSynchronizedRootGroup;
			path = backbeatTests;
			sourceTree = "<group>";
		};
		C3E9EB9B2F5320A8009DB523 /* backbeatUITests */ = {
			isa = PBXFileSystemSynchronizedRootGroup;
			path = backbeatUITests;
			sourceTree = "<group>";
		};
/* End PBXFileSystemSynchronizedRootGroup section */

/* Begin PBXFrameworksBuildPhase section */
		C3E9EB7B2F53209E009DB523 /* Frameworks */ = {
			isa = PBXFrameworksBuildPhase;
			buildActionMask = 2147483647;
			files = (
			);
			runOnlyForDeploymentPostprocessing = 0;
		};
		C3E9EB8B2F5320A8009DB523 /* Frameworks */ = {
			isa = PBXFrameworksBuildPhase;
			buildActionMask = 2147483647;
			files = (
			);
			runOnlyForDeploymentPostprocessing = 0;
		};
		C3E9EB952F5320A8009DB523 /* Frameworks */ = {
			isa = PBXFrameworksBuildPhase;
			buildActionMask = 2147483647;
			files = (
			);
			runOnlyForDeploymentPostprocessing = 0;
		};
/* End PBXFrameworksBuildPhase section */

/* Begin PBXGroup section */
		C3E9EB752F53209E009DB523 = {
			isa = PBXGroup;
			children = (
				C3E9EB802F53209F009DB523 /* backbeat */,
				C3E9EB912F5320A8009DB523 /* backbeatTests */,
				C3E9EB9B2F5320A8009DB523 /* backbeatUITests */,
				C3E9EB7F2F53209E009DB523 /* Products */,
			);
			sourceTree = "<group>";
		};
		C3E9EB7F2F53209E009DB523 /* Products */ = {
			isa = PBXGroup;
			children = (
				C3E9EB7E2F53209E009DB523 /* backbeat.app */,
				C3E9EB8E2F5320A8009DB523 /* backbeatTests.xctest */,
				C3E9EB982F5320A8009DB523 /* backbeatUITests.xctest */,
			);
			name = Products;
			sourceTree = "<group>";
		};
/* End PBXGroup section */

/* Begin PBXNativeTarget section */
		C3E9EB7D2F53209E009DB523 /* backbeat */ = {
			isa = PBXNativeTarget;
			buildConfigurationList = C3E9EBA22F5320A8009DB523 /* Build configuration list for PBXNativeTarget "backbeat" */;
			buildPhases = (
				C3E9EB7A2F53209E009DB523 /* Sources */,
				C3E9EB7B2F53209E009DB523 /* Frameworks */,
				C3E9EB7C2F53209E009DB523 /* Resources */,
			);
			buildRules = (
			);
			dependencies = (
			);
			fileSystemSynchronizedGroups = (
				C3E9EB802F53209F009DB523 /* backbeat */,
			);
			name = backbeat;
			packageProductDependencies = (
			);
			productName = backbeat;
			productReference = C3E9EB7E2F53209E009DB523 /* backbeat.app */;
			productType = "com.apple.product-type.application";
		};
		C3E9EB8D2F5320A8009DB523 /* backbeatTests */ = {
			isa = PBXNativeTarget;
			buildConfigurationList = C3E9EBA52F5320A8009DB523 /* Build configuration list for PBXNativeTarget "backbeatTests" */;
			buildPhases = (
				C3E9EB8A2F5320A8009DB523 /* Sources */,
				C3E9EB8B2F5320A8009DB523 /* Frameworks */,
				C3E9EB8C2F5320A8009DB523 /* Resources */,
			);
			buildRules = (
			);
			dependencies = (
				C3E9EB902F5320A8009DB523 /* PBXTargetDependency */,
			);
			fileSystemSynchronizedGroups = (
				C3E9EB912F5320A8009DB523 /* backbeatTests */,
			);
			name = backbeatTests;
			packageProductDependencies = (
			);
			productName = backbeatTests;
			productReference = C3E9EB8E2F5320A8009DB523 /* backbeatTests.xctest */;
			productType = "com.apple.product-type.bundle.unit-test";
		};
		C3E9EB972F5320A8009DB523 /* backbeatUITests */ = {
			isa = PBXNativeTarget;
			buildConfigurationList = C3E9EBA82F5320A8009DB523 /* Build configuration list for PBXNativeTarget "backbeatUITests" */;
			buildPhases = (
				C3E9EB942F5320A8009DB523 /* Sources */,
				C3E9EB952F5320A8009DB523 /* Frameworks */,
				C3E9EB962F5320A8009DB523 /* Resources */,
			);
			buildRules = (
			);
			dependencies = (
				C3E9EB9A2F5320A8009DB523 /* PBXTargetDependency */,
			);
			fileSystemSynchronizedGroups = (
				C3E9EB9B2F5320A8009DB523 /* backbeatUITests */,
			);
			name = backbeatUITests;
			packageProductDependencies = (
			);
			productName = backbeatUITests;
			productReference = C3E9EB982F5320A8009DB523 /* backbeatUITests.xctest */;
			productType = "com.apple.product-type.bundle.ui-testing";
		};
/* End PBXNativeTarget section */

/* Begin PBXProject section */
		C3E9EB762F53209E009DB523 /* Project object */ = {
			isa = PBXProject;
			attributes = {
				BuildIndependentTargetsInParallel = 1;
				LastSwiftUpdateCheck = 1620;
				LastUpgradeCheck = 1620;
				TargetAttributes = {
					C3E9EB7D2F53209E009DB523 = {
						CreatedOnToolsVersion = 16.2;
					};
					C3E9EB8D2F5320A8009DB523 = {
						CreatedOnToolsVersion = 16.2;
						TestTargetID = C3E9EB7D2F53209E009DB523;
					};
					C3E9EB972F5320A8009DB523 = {
						CreatedOnToolsVersion = 16.2;
						TestTargetID = C3E9EB7D2F53209E009DB523;
					};
				};
			};
			buildConfigurationList = C3E9EB792F53209E009DB523 /* Build configuration list for PBXProject "backbeat" */;
			developmentRegion = en;
			hasScannedForEncodings = 0;
			knownRegions = (
				en,
				Base,
			);
			mainGroup = C3E9EB752F53209E009DB523;
			minimizedProjectReferenceProxies = 1;
			preferredProjectObjectVersion = 77;
			productRefGroup = C3E9EB7F2F53209E009DB523 /* Products */;
			projectDirPath = "";
			projectRoot = "";
			targets = (
				C3E9EB7D2F53209E009DB523 /* backbeat */,
				C3E9EB8D2F5320A8009DB523 /* backbeatTests */,
				C3E9EB972F5320A8009DB523 /* backbeatUITests */,
			);
		};
/* End PBXProject section */

/* Begin PBXResourcesBuildPhase section */
		C3E9EB7C2F53209E009DB523 /* Resources */ = {
			isa = PBXResourcesBuildPhase;
			buildActionMask = 2147483647;
			files = (
			);
			runOnlyForDeploymentPostprocessing = 0;
		};
		C3E9EB8C2F5320A8009DB523 /* Resources */ = {
			isa = PBXResourcesBuildPhase;
			buildActionMask = 2147483647;
			files = (
			);
			runOnlyForDeploymentPostprocessing = 0;
		};
		C3E9EB962F5320A8009DB523 /* Resources */ = {
			isa = PBXResourcesBuildPhase;
			buildActionMask = 2147483647;
			files = (
			);
			runOnlyForDeploymentPostprocessing = 0;
		};
/* End PBXResourcesBuildPhase section */

/* Begin PBXSourcesBuildPhase section */
		C3E9EB7A2F53209E009DB523 /* Sources */ = {
			isa = PBXSourcesBuildPhase;
			buildActionMask = 2147483647;
			files = (
			);
			runOnlyForDeploymentPostprocessing = 0;
		};
		C3E9EB8A2F5320A8009DB523 /* Sources */ = {
			isa = PBXSourcesBuildPhase;
			buildActionMask = 2147483647;
			files = (
			);
			runOnlyForDeploymentPostprocessing = 0;
		};
		C3E9EB942F5320A8009DB523 /* Sources */ = {
			isa = PBXSourcesBuildPhase;
			buildActionMask = 2147483647;
			files = (
			);
			runOnlyForDeploymentPostprocessing = 0;
		};
/* End PBXSourcesBuildPhase section */

/* Begin PBXTargetDependency section */
		C3E9EB902F5320A8009DB523 /* PBXTargetDependency */ = {
			isa = PBXTargetDependency;
			target = C3E9EB7D2F53209E009DB523 /* backbeat */;
			targetProxy = C3E9EB8F2F5320A8009DB523 /* PBXContainerItemProxy */;
		};
		C3E9EB9A2F5320A8009DB523 /* PBXTargetDependency */ = {
			isa = PBXTargetDependency;
			target = C3E9EB7D2F53209E009DB523 /* backbeat */;
			targetProxy = C3E9EB992F5320A8009DB523 /* PBXContainerItemProxy */;
		};
/* End PBXTargetDependency section */

/* Begin XCBuildConfiguration section */
		C3E9EBA02F5320A8009DB523 /* Debug */ = {
			isa = XCBuildConfiguration;
			buildSettings = {
				ALWAYS_SEARCH_USER_PATHS = NO;
				ASSETCATALOG_COMPILER_GENERATE_SWIFT_ASSET_SYMBOL_EXTENSIONS = YES;
				CLANG_ANALYZER_NONNULL = YES;
				CLANG_ANALYZER_NUMBER_OBJECT_CONVERSION = YES_AGGRESSIVE;
				CLANG_CXX_LANGUAGE_STANDARD = "gnu++20";
				CLANG_ENABLE_MODULES = YES;
				CLANG_ENABLE_OBJC_ARC = YES;
				CLANG_ENABLE_OBJC_WEAK = YES;
				CLANG_WARN_BLOCK_CAPTURE_AUTORELEASING = YES;
				CLANG_WARN_BOOL_CONVERSION = YES;
				CLANG_WARN_COMMA = YES;
				CLANG_WARN_CONSTANT_CONVERSION = YES;
				CLANG_WARN_DEPRECATED_OBJC_IMPLEMENTATIONS = YES;
				CLANG_WARN_DIRECT_OBJC_ISA_USAGE = YES_ERROR;
				CLANG_WARN_DOCUMENTATION_COMMENTS = YES;
				CLANG_WARN_EMPTY_BODY = YES;
				CLANG_WARN_ENUM_CONVERSION = YES;
				CLANG_WARN_INFINITE_RECURSION = YES;
				CLANG_WARN_INT_CONVERSION = YES;
				CLANG_WARN_NON_LITERAL_NULL_CONVERSION = YES;
				CLANG_WARN_OBJC_IMPLICIT_RETAIN_SELF = YES;
				CLANG_WARN_OBJC_LITERAL_CONVERSION = YES;
				CLANG_WARN_OBJC_ROOT_CLASS = YES_ERROR;
				CLANG_WARN_QUOTED_INCLUDE_IN_FRAMEWORK_HEADER = YES;
				CLANG_WARN_RANGE_LOOP_ANALYSIS = YES;
				CLANG_WARN_STRICT_PROTOTYPES = YES;
				CLANG_WARN_SUSPICIOUS_MOVE = YES;
				CLANG_WARN_UNGUARDED_AVAILABILITY = YES_AGGRESSIVE;
				CLANG_WARN_UNREACHABLE_CODE = YES;
				CLANG_WARN__DUPLICATE_METHOD_MATCH = YES;
				COPY_PHASE_STRIP = NO;
				DEBUG_INFORMATION_FORMAT = dwarf;
				ENABLE_STRICT_OBJC_MSGSEND = YES;
				ENABLE_TESTABILITY = YES;
				ENABLE_USER_SCRIPT_SANDBOXING = YES;
				GCC_C_LANGUAGE_STANDARD = gnu17;
				GCC_DYNAMIC_NO_PIC = NO;
				GCC_NO_COMMON_BLOCKS = YES;
				GCC_OPTIMIZATION_LEVEL = 0;
				GCC_PREPROCESSOR_DEFINITIONS = (
					"DEBUG=1",
					"$(inherited)",
				);
				GCC_WARN_64_TO_32_BIT_CONVERSION = YES;
				GCC_WARN_ABOUT_RETURN_TYPE = YES_ERROR;
				GCC_WARN_UNDECLARED_SELECTOR = YES;
				GCC_WARN_UNINITIALIZED_AUTOS = YES_AGGRESSIVE;
				GCC_WARN_UNUSED_FUNCTION = YES;
				GCC_WARN_UNUSED_VARIABLE = YES;
				IPHONEOS_DEPLOYMENT_TARGET = 18.2;
				LOCALIZATION_PREFERS_STRING_CATALOGS = YES;
				MTL_ENABLE_DEBUG_INFO = INCLUDE_SOURCE;
				MTL_FAST_MATH = YES;
				ONLY_ACTIVE_ARCH = YES;
				SDKROOT = iphoneos;
				SWIFT_ACTIVE_COMPILATION_CONDITIONS = "DEBUG $(inherited)";
				SWIFT_OPTIMIZATION_LEVEL = "-Onone";
			};
			name = Debug;
		};
		C3E9EBA12F5320A8009DB523 /* Release */ = {
			isa = XCBuildConfiguration;
			buildSettings = {
				ALWAYS_SEARCH_USER_PATHS = NO;
				ASSETCATALOG_COMPILER_GENERATE_SWIFT_ASSET_SYMBOL_EXTENSIONS = YES;
				CLANG_ANALYZER_NONNULL = YES;
				CLANG_ANALYZER_NUMBER_OBJECT_CONVERSION = YES_AGGRESSIVE;
				CLANG_CXX_LANGUAGE_STANDARD = "gnu++20";
				CLANG_ENABLE_MODULES = YES;
				CLANG_ENABLE_OBJC_ARC = YES;
				CLANG_ENABLE_OBJC_WEAK = YES;
				CLANG_WARN_BLOCK_CAPTURE_AUTORELEASING = YES;
				CLANG_WARN_BOOL_CONVERSION = YES;
				CLANG_WARN_COMMA = YES;
				CLANG_WARN_CONSTANT_CONVERSION = YES;
				CLANG_WARN_DEPRECATED_OBJC_IMPLEMENTATIONS = YES;
				CLANG_WARN_DIRECT_OBJC_ISA_USAGE = YES_ERROR;
				CLANG_WARN_DOCUMENTATION_COMMENTS = YES;
				CLANG_WARN_EMPTY_BODY = YES;
				CLANG_WARN_ENUM_CONVERSION = YES;
				CLANG_WARN_INFINITE_RECURSION = YES;
				CLANG_WARN_INT_CONVERSION = YES;
				CLANG_WARN_NON_LITERAL_NULL_CONVERSION = YES;
				CLANG_WARN_OBJC_IMPLICIT_RETAIN_SELF = YES;
				CLANG_WARN_OBJC_LITERAL_CONVERSION = YES;
				CLANG_WARN_OBJC_ROOT_CLASS = YES_ERROR;
				CLANG_WARN_QUOTED_INCLUDE_IN_FRAMEWORK_HEADER = YES;
				CLANG_WARN_RANGE_LOOP_ANALYSIS = YES;
				CLANG_WARN_STRICT_PROTOTYPES = YES;
				CLANG_WARN_SUSPICIOUS_MOVE = YES;
				CLANG_WARN_UNGUARDED_AVAILABILITY = YES_AGGRESSIVE;
				CLANG_WARN_UNREACHABLE_CODE = YES;
				CLANG_WARN__DUPLICATE_METHOD_MATCH = YES;
				COPY_PHASE_STRIP = NO;
				DEBUG_INFORMATION_FORMAT = "dwarf-with-dsym";
				ENABLE_NS_ASSERTIONS = NO;
				ENABLE_STRICT_OBJC_MSGSEND = YES;
				ENABLE_USER_SCRIPT_SANDBOXING = YES;
				GCC_C_LANGUAGE_STANDARD = gnu17;
				GCC_NO_COMMON_BLOCKS = YES;
				GCC_WARN_64_TO_32_BIT_CONVERSION = YES;
				GCC_WARN_ABOUT_RETURN_TYPE = YES_ERROR;
				GCC_WARN_UNDECLARED_SELECTOR = YES;
				GCC_WARN_UNINITIALIZED_AUTOS = YES_AGGRESSIVE;
				GCC_WARN_UNUSED_FUNCTION = YES;
				GCC_WARN_UNUSED_VARIABLE = YES;
				IPHONEOS_DEPLOYMENT_TARGET = 18.2;
				LOCALIZATION_PREFERS_STRING_CATALOGS = YES;
				MTL_ENABLE_DEBUG_INFO = NO;
				MTL_FAST_MATH = YES;
				SDKROOT = iphoneos;
				SWIFT_COMPILATION_MODE = wholemodule;
				VALIDATE_PRODUCT = YES;
			};
			name = Release;
		};
		C3E9EBA32F5320A8009DB523 /* Debug */ = {
			isa = XCBuildConfiguration;
			buildSettings = {
				ASSETCATALOG_COMPILER_APPICON_NAME = AppIcon;
				ASSETCATALOG_COMPILER_GLOBAL_ACCENT_COLOR_NAME = AccentColor;
				CODE_SIGN_STYLE = Automatic;
				CURRENT_PROJECT_VERSION = 1;
				DEVELOPMENT_ASSET_PATHS = "\"backbeat/Preview Content\"";
				DEVELOPMENT_TEAM = 5758W2LGQQ;
				ENABLE_PREVIEWS = YES;
				GENERATE_INFOPLIST_FILE = YES;
				INFOPLIST_KEY_UIApplicationSceneManifest_Generation = YES;
				INFOPLIST_KEY_UIApplicationSupportsIndirectInputEvents = YES;
				INFOPLIST_KEY_UILaunchScreen_Generation = YES;
				INFOPLIST_KEY_UISupportedInterfaceOrientations_iPad = "UIInterfaceOrientationPortrait UIInterfaceOrientationPortraitUpsideDown UIInterfaceOrientationLandscapeLeft UIInterfaceOrientationLandscapeRight";
				INFOPLIST_KEY_UISupportedInterfaceOrientations_iPhone = "UIInterfaceOrientationPortrait UIInterfaceOrientationLandscapeLeft UIInterfaceOrientationLandscapeRight";
				LD_RUNPATH_SEARCH_PATHS = (
					"$(inherited)",
					"@executable_path/Frameworks",
				);
				MARKETING_VERSION = 1.0;
				PRODUCT_BUNDLE_IDENTIFIER = com.tanakar.backbeat;
				PRODUCT_NAME = "$(TARGET_NAME)";
				SWIFT_EMIT_LOC_STRINGS = YES;
				SWIFT_VERSION = 5.0;
				TARGETED_DEVICE_FAMILY = "1,2";
			};
			name = Debug;
		};
		C3E9EBA42F5320A8009DB523 /* Release */ = {
			isa = XCBuildConfiguration;
			buildSettings = {
				ASSETCATALOG_COMPILER_APPICON_NAME = AppIcon;
				ASSETCATALOG_COMPILER_GLOBAL_ACCENT_COLOR_NAME = AccentColor;
				CODE_SIGN_STYLE = Automatic;
				CURRENT_PROJECT_VERSION = 1;
				DEVELOPMENT_ASSET_PATHS = "\"backbeat/Preview Content\"";
				DEVELOPMENT_TEAM = 5758W2LGQQ;
				ENABLE_PREVIEWS = YES;
				GENERATE_INFOPLIST_FILE = YES;
				INFOPLIST_KEY_UIApplicationSceneManifest_Generation = YES;
				INFOPLIST_KEY_UIApplicationSupportsIndirectInputEvents = YES;
				INFOPLIST_KEY_UILaunchScreen_Generation = YES;
				INFOPLIST_KEY_UISupportedInterfaceOrientations_iPad = "UIInterfaceOrientationPortrait UIInterfaceOrientationPortraitUpsideDown UIInterfaceOrientationLandscapeLeft UIInterfaceOrientationLandscapeRight";
				INFOPLIST_KEY_UISupportedInterfaceOrientations_iPhone = "UIInterfaceOrientationPortrait UIInterfaceOrientationLandscapeLeft UIInterfaceOrientationLandscapeRight";
				LD_RUNPATH_SEARCH_PATHS = (
					"$(inherited)",
					"@executable_path/Frameworks",
				);
				MARKETING_VERSION = 1.0;
				PRODUCT_BUNDLE_IDENTIFIER = com.tanakar.backbeat;
				PRODUCT_NAME = "$(TARGET_NAME)";
				SWIFT_EMIT_LOC_STRINGS = YES;
				SWIFT_VERSION = 5.0;
				TARGETED_DEVICE_FAMILY = "1,2";
			};
			name = Release;
		};
		C3E9EBA62F5320A8009DB523 /* Debug */ = {
			isa = XCBuildConfiguration;
			buildSettings = {
				BUNDLE_LOADER = "$(TEST_HOST)";
				CODE_SIGN_STYLE = Automatic;
				CURRENT_PROJECT_VERSION = 1;
				DEVELOPMENT_TEAM = 5758W2LGQQ;
				GENERATE_INFOPLIST_FILE = YES;
				IPHONEOS_DEPLOYMENT_TARGET = 18.2;
				MARKETING_VERSION = 1.0;
				PRODUCT_BUNDLE_IDENTIFIER = com.tanakar.backbeatTests;
				PRODUCT_NAME = "$(TARGET_NAME)";
				SWIFT_EMIT_LOC_STRINGS = NO;
				SWIFT_VERSION = 5.0;
				TARGETED_DEVICE_FAMILY = "1,2";
				TEST_HOST = "$(BUILT_PRODUCTS_DIR)/backbeat.app/$(BUNDLE_EXECUTABLE_FOLDER_PATH)/backbeat";
			};
			name = Debug;
		};
		C3E9EBA72F5320A8009DB523 /* Release */ = {
			isa = XCBuildConfiguration;
			buildSettings = {
				BUNDLE_LOADER = "$(TEST_HOST)";
				CODE_SIGN_STYLE = Automatic;
				CURRENT_PROJECT_VERSION = 1;
				DEVELOPMENT_TEAM = 5758W2LGQQ;
				GENERATE_INFOPLIST_FILE = YES;
				IPHONEOS_DEPLOYMENT_TARGET = 18.2;
				MARKETING_VERSION = 1.0;
				PRODUCT_BUNDLE_IDENTIFIER = com.tanakar.backbeatTests;
				PRODUCT_NAME = "$(TARGET_NAME)";
				SWIFT_EMIT_LOC_STRINGS = NO;
				SWIFT_VERSION = 5.0;
				TARGETED_DEVICE_FAMILY = "1,2";
				TEST_HOST = "$(BUILT_PRODUCTS_DIR)/backbeat.app/$(BUNDLE_EXECUTABLE_FOLDER_PATH)/backbeat";
			};
			name = Release;
		};
		C3E9EBA92F5320A8009DB523 /* Debug */ = {
			isa = XCBuildConfiguration;
			buildSettings = {
				CODE_SIGN_STYLE = Automatic;
				CURRENT_PROJECT_VERSION = 1;
				DEVELOPMENT_TEAM = 5758W2LGQQ;
				GENERATE_INFOPLIST_FILE = YES;
				MARKETING_VERSION = 1.0;
				PRODUCT_BUNDLE_IDENTIFIER = com.tanakar.backbeatUITests;
				PRODUCT_NAME = "$(TARGET_NAME)";
				SWIFT_EMIT_LOC_STRINGS = NO;
				SWIFT_VERSION = 5.0;
				TARGETED_DEVICE_FAMILY = "1,2";
				TEST_TARGET_NAME = backbeat;
			};
			name = Debug;
		};
		C3E9EBAA2F5320A8009DB523 /* Release */ = {
			isa = XCBuildConfiguration;
			buildSettings = {
				CODE_SIGN_STYLE = Automatic;
				CURRENT_PROJECT_VERSION = 1;
				DEVELOPMENT_TEAM = 5758W2LGQQ;
				GENERATE_INFOPLIST_FILE = YES;
				MARKETING_VERSION = 1.0;
				PRODUCT_BUNDLE_IDENTIFIER = com.tanakar.backbeatUITests;
				PRODUCT_NAME = "$(TARGET_NAME)";
				SWIFT_EMIT_LOC_STRINGS = NO;
				SWIFT_VERSION = 5.0;
				TARGETED_DEVICE_FAMILY = "1,2";
				TEST_TARGET_NAME = backbeat;
			};
			name = Release;
		};
/* End XCBuildConfiguration section */

/* Begin XCConfigurationList section */
		C3E9EB792F53209E009DB523 /* Build configuration list for PBXProject "backbeat" */ = {
			isa = XCConfigurationList;
			buildConfigurations = (
				C3E9EBA02F5320A8009DB523 /* Debug */,
				C3E9EBA12F5320A8009DB523 /* Release */,
			);
			defaultConfigurationIsVisible = 0;
			defaultConfigurationName = Release;
		};
		C3E9EBA22F5320A8009DB523 /* Build configuration list for PBXNativeTarget "backbeat" */ = {
			isa = XCConfigurationList;
			buildConfigurations = (
				C3E9EBA32F5320A8009DB523 /* Debug */,
				C3E9EBA42F5320A8009DB523 /* Release */,
			);
			defaultConfigurationIsVisible = 0;
			defaultConfigurationName = Release;
		};
		C3E9EBA52F5320A8009DB523 /* Build configuration list for PBXNativeTarget "backbeatTests" */ = {
			isa = XCConfigurationList;
			buildConfigurations = (
				C3E9EBA62F5320A8009DB523 /* Debug */,
				C3E9EBA72F5320A8009DB523 /* Release */,
			);
			defaultConfigurationIsVisible = 0;
			defaultConfigurationName = Release;
		};
		C3E9EBA82F5320A8009DB523 /* Build configuration list for PBXNativeTarget "backbeatUITests" */ = {
			isa = XCConfigurationList;
			buildConfigurations = (
				C3E9EBA92F5320A8009DB523 /* Debug */,
				C3E9EBAA2F5320A8009DB523 /* Release */,
			);
			defaultConfigurationIsVisible = 0;
			defaultConfigurationName = Release;
		};
/* End XCConfigurationList section */
	};
	rootObject = C3E9EB762F53209E009DB523 /* Project object */;
}
